
Microsoft Visual Studio Solution File, Format Version 12.00
# Visual Studio Version 17
VisualStudioVersion = 17.0.31903.59
MinimumVisualStudioVersion = 10.0.40219.1
Project("{FAE04EC0-301F-11D3-BF4B-00C04F79EFBC}") = "PizzaPos.Api", "PizzaPos.Api\PizzaPos.Api.csproj", "{B667A435-C04F-403F-B85B-51CBE89BF5D6}"
EndProject
Project("{FAE04EC0-301F-11D3-BF4B-00C04F79EFBC}") = "PizzaPos.WinForms", "PizzaPos.WinForms\PizzaPos.WinForms.csproj", "{4537B3E7-B4FF-4460-BD3A-EF77570C768C}"
EndProject
Global
	GlobalSection(SolutionConfigurationPlatforms) = preSolution
		Debug|Any CPU = Debug|Any CPU
		Release|Any CPU = Release|Any CPU
	EndGlobalSection
	GlobalSection(SolutionProperties) = preSolution
		HideSolutionNode = FALSE
	EndGlobalSection
	GlobalSection(ProjectConfigurationPlatforms) = postSolution
		{B667A435-C04F-403F-B85B-51CBE89BF5D6}.Debug|Any CPU.ActiveCfg = Debug|Any CPU
		{B667A435-C04F-403F-B85B-51CBE89BF5D6}.Debug|Any CPU.Build.0 = Debug|Any CPU
		{B667A435-C04F-403F-B85B-51CBE89BF5D6}.Release|Any CPU.ActiveCfg = Release|Any CPU
		{B667A435-C04F-403F-B85B-51CBE89BF5D6}.Release|Any CPU.Build.0 = Release|Any CPU
		{4537B3E7-B4FF-4460-BD3A-EF77570C768C}.Debug|Any CPU.ActiveCfg = Debug|Any CPU
		{4537B3E7-B4FF-4460-BD3A-EF77570C768C}.Debug|Any CPU.Build.0 = Debug|Any CPU
		{4537B3E7-B4FF-4460-BD3A-EF77570C768C}.Release|Any CPU.ActiveCfg = Release|Any CPU
		{4537B3E7-B4FF-4460-BD3A-EF77570C768C}.Release|Any CPU.Build.0 = Release|Any CPU
	EndGlobalSection
EndGlobal
